// !$*UTF8*$!
{
	archiveVersion = 1;
	classes = {
	};
	objectVersion = 56;
	objects = {

/* Begin PBXBuildFile section */
		4EDD17842A67B88D0093B5F5 /* AfricaApp.swift in Sources */ = {isa = PBXBuildFile; fileRef = 4EDD17832A67B88D0093B5F5 /* AfricaApp.swift */; };
		4EDD17862A67B88D0093B5F5 /* ContentView.swift in Sources */ = {isa = PBXBuildFile; fileRef = 4EDD17852A67B88D0093B5F5 /* ContentView.swift */; };
		4EDD17882A67B88E0093B5F5 /* Assets.xcassets in Resources */ = {isa = PBXBuildFile; fileRef = 4EDD17872A67B88E0093B5F5 /* Assets.xcassets */; };
		4EDD178B2A67B88E0093B5F5 /* Preview Assets.xcassets in Resources */ = {isa = PBXBuildFile; fileRef = 4EDD178A2A67B88E0093B5F5 /* Preview Assets.xcassets */; };
		4EDD179C2A67BA5E0093B5F5 /* gorilla.mp4 in Resources */ = {isa = PBXBuildFile; fileRef = 4EDD17922A67BA5D0093B5F5 /* gorilla.mp4 */; };
		4EDD179D2A67BA5E0093B5F5 /* elephant.mp4 in Resources */ = {isa = PBXBuildFile; fileRef = 4EDD17932A67BA5D0093B5F5 /* elephant.mp4 */; };
		4EDD179E2A67BA5E0093B5F5 /* giraffe.mp4 in Resources */ = {isa = PBXBuildFile; fileRef = 4EDD17942A67BA5D0093B5F5 /* giraffe.mp4 */; };
		4EDD179F2A67BA5E0093B5F5 /* hippo.mp4 in Resources */ = {isa = PBXBuildFile; fileRef = 4EDD17952A67BA5D0093B5F5 /* hippo.mp4 */; };
		4EDD17A02A67BA5E0093B5F5 /* lion.mp4 in Resources */ = {isa = PBXBuildFile; fileRef = 4EDD17962A67BA5D0093B5F5 /* lion.mp4 */; };
		4EDD17A12A67BA5E0093B5F5 /* rhino.mp4 in Resources */ = {isa = PBXBuildFile; fileRef = 4EDD17972A67BA5E0093B5F5 /* rhino.mp4 */; };
		4EDD17A22A67BA5E0093B5F5 /* ostrich.mp4 in Resources */ = {isa = PBXBuildFile; fileRef = 4EDD17982A67BA5E0093B5F5 /* ostrich.mp4 */; };
		4EDD17A32A67BA5E0093B5F5 /* cheetah.mp4 in Resources */ = {isa = PBXBuildFile; fileRef = 4EDD17992A67BA5E0093B5F5 /* cheetah.mp4 */; };
		4EDD17A42A67BA5E0093B5F5 /* lioness.mp4 in Resources */ = {isa = PBXBuildFile; fileRef = 4EDD179A2A67BA5E0093B5F5 /* lioness.mp4 */; };
		4EDD17A52A67BA5E0093B5F5 /* zebra.mp4 in Resources */ = {isa = PBXBuildFile; fileRef = 4EDD179B2A67BA5E0093B5F5 /* zebra.mp4 */; };
		4EDD17AB2A67BAA60093B5F5 /* covers.json in Resources */ = {isa = PBXBuildFile; fileRef = 4EDD17A72A67BAA60093B5F5 /* covers.json */; };
		4EDD17AC2A67BAA60093B5F5 /* videos.json in Resources */ = {isa = PBXBuildFile; fileRef = 4EDD17A82A67BAA60093B5F5 /* videos.json */; };
		4EDD17AD2A67BAA60093B5F5 /* animals.json in Resources */ = {isa = PBXBuildFile; fileRef = 4EDD17A92A67BAA60093B5F5 /* animals.json */; };
		4EDD17AE2A67BAA60093B5F5 /* locations.json in Resources */ = {isa = PBXBuildFile; fileRef = 4EDD17AA2A67BAA60093B5F5 /* locations.json */; };
		4EDD17B22A67BC4A0093B5F5 /* VideoListView.swift in Sources */ = {isa = PBXBuildFile; fileRef = 4EDD17B12A67BC4A0093B5F5 /* VideoListView.swift */; };
		4EDD17B42A67BC640093B5F5 /* MapView.swift in Sources */ = {isa = PBXBuildFile; fileRef = 4EDD17B32A67BC640093B5F5 /* MapView.swift */; };
		4EDD17B62A67BC760093B5F5 /* GalleryView.swift in Sources */ = {isa = PBXBuildFile; fileRef = 4EDD17B52A67BC760093B5F5 /* GalleryView.swift */; };
		4EDD17B82A67BC7F0093B5F5 /* MainView.swift in Sources */ = {isa = PBXBuildFile; fileRef = 4EDD17B72A67BC7F0093B5F5 /* MainView.swift */; };
/* End PBXBuildFile section */

/* Begin PBXFileReference section */
		4EDD17802A67B88D0093B5F5 /* Africa.app */ = {isa = PBXFileReference; explicitFileType = wrapper.application; includeInIndex = 0; path = Africa.app; sourceTree = BUILT_PRODUCTS_DIR; };
		4EDD17832A67B88D0093B5F5 /* AfricaApp.swift */ = {isa = PBXFileReference; lastKnownFileType = sourcecode.swift; path = AfricaApp.swift; sourceTree = "<group>"; };
		4EDD17852A67B88D0093B5F5 /* ContentView.swift */ = {isa = PBXFileReference; lastKnownFileType = sourcecode.swift; path = ContentView.swift; sourceTree = "<group>"; };
		4EDD17872A67B88E0093B5F5 /* Assets.xcassets */ = {isa = PBXFileReference; lastKnownFileType = folder.assetcatalog; path = Assets.xcassets; sourceTree = "<group>"; };
		4EDD178A2A67B88E0093B5F5 /* Preview Assets.xcassets */ = {isa = PBXFileReference; lastKnownFileType = folder.assetcatalog; path = "Preview Assets.xcassets"; sourceTree = "<group>"; };
		4EDD17922A67BA5D0093B5F5 /* gorilla.mp4 */ = {isa = PBXFileReference; lastKnownFileType = file; path = gorilla.mp4; sourceTree = "<group>"; };
		4EDD17932A67BA5D0093B5F5 /* elephant.mp4 */ = {isa = PBXFileReference; lastKnownFileType = file; path = elephant.mp4; sourceTree = "<group>"; };
		4EDD17942A67BA5D0093B5F5 /* giraffe.mp4 */ = {isa = PBXFileReference; lastKnownFileType = file; path = giraffe.mp4; sourceTree = "<group>"; };
		4EDD17952A67BA5D0093B5F5 /* hippo.mp4 */ = {isa = PBXFileReference; lastKnownFileType = file; path = hippo.mp4; sourceTree = "<group>"; };
		4EDD17962A67BA5D0093B5F5 /* lion.mp4 */ = {isa = PBXFileReference; lastKnownFileType = file; path = lion.mp4; sourceTree = "<group>"; };
		4EDD17972A67BA5E0093B5F5 /* rhino.mp4 */ = {isa = PBXFileReference; lastKnownFileType = file; path = rhino.mp4; sourceTree = "<group>"; };
		4EDD17982A67BA5E0093B5F5 /* ostrich.mp4 */ = {isa = PBXFileReference; lastKnownFileType = file; path = ostrich.mp4; sourceTree = "<group>"; };
		4EDD17992A67BA5E0093B5F5 /* cheetah.mp4 */ = {isa = PBXFileReference; lastKnownFileType = file; path = cheetah.mp4; sourceTree = "<group>"; };
		4EDD179A2A67BA5E0093B5F5 /* lioness.mp4 */ = {isa = PBXFileReference; lastKnownFileType = file; path = lioness.mp4; sourceTree = "<group>"; };
		4EDD179B2A67BA5E0093B5F5 /* zebra.mp4 */ = {isa = PBXFileReference; lastKnownFileType = file; path = zebra.mp4; sourceTree = "<group>"; };
		4EDD17A72A67BAA60093B5F5 /* covers.json */ = {isa = PBXFileReference; fileEncoding = 4; lastKnownFileType = text.json; path = covers.json; sourceTree = "<group>"; };
		4EDD17A82A67BAA60093B5F5 /* videos.json */ = {isa = PBXFileReference; fileEncoding = 4; lastKnownFileType = text.json; path = videos.json; sourceTree = "<group>"; };
		4EDD17A92A67BAA60093B5F5 /* animals.json */ = {isa = PBXFileReference; fileEncoding = 4; lastKnownFileType = text.json; path = animals.json; sourceTree = "<group>"; };
		4EDD17AA2A67BAA60093B5F5 /* locations.json */ = {isa = PBXFileReference; fileEncoding = 4; lastKnownFileType = text.json; path = locations.json; sourceTree = "<group>"; };
		4EDD17AF2A67BB690093B5F5 /* Info.plist */ = {isa = PBXFileReference; lastKnownFileType = text.plist; path = Info.plist; sourceTree = "<group>"; };
		4EDD17B12A67BC4A0093B5F5 /* VideoListView.swift */ = {isa = PBXFileReference; lastKnownFileType = sourcecode.swift; path = VideoListView.swift; sourceTree = "<group>"; };
		4EDD17B32A67BC640093B5F5 /* MapView.swift */ = {isa = PBXFileReference; lastKnownFileType = sourcecode.swift; path = MapView.swift; sourceTree = "<group>"; };
		4EDD17B52A67BC760093B5F5 /* GalleryView.swift */ = {isa = PBXFileReference; lastKnownFileType = sourcecode.swift; path = GalleryView.swift; sourceTree = "<group>"; };
		4EDD17B72A67BC7F0093B5F5 /* MainView.swift */ = {isa = PBXFileReference; lastKnownFileType = sourcecode.swift; path = MainView.swift; sourceTree = "<group>"; };
/* End PBXFileReference section */

/* Begin PBXFrameworksBuildPhase section */
		4EDD177D2A67B88D0093B5F5 /* Frameworks */ = {
			isa = PBXFrameworksBuildPhase;
			buildActionMask = 2147483647;
			files = (
			);
			runOnlyForDeploymentPostprocessing = 0;
		};
/* End PBXFrameworksBuildPhase section */

/* Begin PBXGroup section */
		4EDD17772A67B88D0093B5F5 = {
			isa = PBXGroup;
			children = (
				4EDD17822A67B88D0093B5F5 /* Africa */,
				4EDD17812A67B88D0093B5F5 /* Products */,
			);
			sourceTree = "<group>";
		};
		4EDD17812A67B88D0093B5F5 /* Products */ = {
			isa = PBXGroup;
			children = (
				4EDD17802A67B88D0093B5F5 /* Africa.app */,
			);
			name = Products;
			sourceTree = "<group>";
		};
		4EDD17822A67B88D0093B5F5 /* Africa */ = {
			isa = PBXGroup;
			children = (
				4EDD17AF2A67BB690093B5F5 /* Info.plist */,
				4EDD17A62A67BA840093B5F5 /* Data */,
				4EDD17912A67BA120093B5F5 /* Video */,
				4EDD17B02A67BC060093B5F5 /* App */,
				4EDD17872A67B88E0093B5F5 /* Assets.xcassets */,
				4EDD17892A67B88E0093B5F5 /* Preview Content */,
			);
			path = Africa;
			sourceTree = "<group>";
		};
		4EDD17892A67B88E0093B5F5 /* Preview Content */ = {
			isa = PBXGroup;
			children = (
				4EDD178A2A67B88E0093B5F5 /* Preview Assets.xcassets */,
			);
			path = "Preview Content";
			sourceTree = "<group>";
		};
		4EDD17912A67BA120093B5F5 /* Video */ = {
			isa = PBXGroup;
			children = (
				4EDD17992A67BA5E0093B5F5 /* cheetah.mp4 */,
				4EDD17932A67BA5D0093B5F5 /* elephant.mp4 */,
				4EDD17942A67BA5D0093B5F5 /* giraffe.mp4 */,
				4EDD17922A67BA5D0093B5F5 /* gorilla.mp4 */,
				4EDD17952A67BA5D0093B5F5 /* hippo.mp4 */,
				4EDD17962A67BA5D0093B5F5 /* lion.mp4 */,
				4EDD179A2A67BA5E0093B5F5 /* lioness.mp4 */,
				4EDD17982A67BA5E0093B5F5 /* ostrich.mp4 */,
				4EDD17972A67BA5E0093B5F5 /* rhino.mp4 */,
				4EDD179B2A67BA5E0093B5F5 /* zebra.mp4 */,
			);
			path = Video;
			sourceTree = "<group>";
		};
		4EDD17A62A67BA840093B5F5 /* Data */ = {
			isa = PBXGroup;
			children = (
				4EDD17A92A67BAA60093B5F5 /* animals.json */,
				4EDD17A72A67BAA60093B5F5 /* covers.json */,
				4EDD17AA2A67BAA60093B5F5 /* locations.json */,
				4EDD17A82A67BAA60093B5F5 /* videos.json */,
			);
			path = Data;
			sourceTree = "<group>";
		};
		4EDD17B02A67BC060093B5F5 /* App */ = {
			isa = PBXGroup;
			children = (
				4EDD17832A67B88D0093B5F5 /* AfricaApp.swift */,
				4EDD17852A67B88D0093B5F5 /* ContentView.swift */,
				4EDD17B12A67BC4A0093B5F5 /* VideoListView.swift */,
				4EDD17B32A67BC640093B5F5 /* MapView.swift */,
				4EDD17B52A67BC760093B5F5 /* GalleryView.swift */,
				4EDD17B72A67BC7F0093B5F5 /* MainView.swift */,
			);
			path = App;
			sourceTree = "<group>";
		};
/* End PBXGroup section */

/* Begin PBXNativeTarget section */
		4EDD177F2A67B88D0093B5F5 /* Africa */ = {
			isa = PBXNativeTarget;
			buildConfigurationList = 4EDD178E2A67B88E0093B5F5 /* Build configuration list for PBXNativeTarget "Africa" */;
			buildPhases = (
				4EDD177C2A67B88D0093B5F5 /* Sources */,
				4EDD177D2A67B88D0093B5F5 /* Frameworks */,
				4EDD177E2A67B88D0093B5F5 /* Resources */,
			);
			buildRules = (
			);
			dependencies = (
			);
			name = Africa;
			productName = Africa;
			productReference = 4EDD17802A67B88D0093B5F5 /* Africa.app */;
			productType = "com.apple.product-type.application";
		};
/* End PBXNativeTarget section */

/* Begin PBXProject section */
		4EDD17782A67B88D0093B5F5 /* Project object */ = {
			isa = PBXProject;
			attributes = {
				BuildIndependentTargetsInParallel = 1;
				LastSwiftUpdateCheck = 1430;
				LastUpgradeCheck = 1430;
				TargetAttributes = {
					4EDD177F2A67B88D0093B5F5 = {
						CreatedOnToolsVersion = 14.3.1;
					};
				};
			};
			buildConfigurationList = 4EDD177B2A67B88D0093B5F5 /* Build configuration list for PBXProject "Africa" */;
			compatibilityVersion = "Xcode 14.0";
			developmentRegion = en;
			hasScannedForEncodings = 0;
			knownRegions = (
				en,
				Base,
			);
			mainGroup = 4EDD17772A67B88D0093B5F5;
			productRefGroup = 4EDD17812A67B88D0093B5F5 /* Products */;
			projectDirPath = "";
			projectRoot = "";
			targets = (
				4EDD177F2A67B88D0093B5F5 /* Africa */,
			);
		};
/* End PBXProject section */

/* Begin PBXResourcesBuildPhase section */
		4EDD177E2A67B88D0093B5F5 /* Resources */ = {
			isa = PBXResourcesBuildPhase;
			buildActionMask = 2147483647;
			files = (
				4EDD17AD2A67BAA60093B5F5 /* animals.json in Resources */,
				4EDD17AB2A67BAA60093B5F5 /* covers.json in Resources */,
				4EDD17AE2A67BAA60093B5F5 /* locations.json in Resources */,
				4EDD17A12A67BA5E0093B5F5 /* rhino.mp4 in Resources */,
				4EDD17A42A67BA5E0093B5F5 /* lioness.mp4 in Resources */,
				4EDD17AC2A67BAA60093B5F5 /* videos.json in Resources */,
				4EDD179D2A67BA5E0093B5F5 /* elephant.mp4 in Resources */,
				4EDD178B2A67B88E0093B5F5 /* Preview Assets.xcassets in Resources */,
				4EDD17A52A67BA5E0093B5F5 /* zebra.mp4 in Resources */,
				4EDD17A22A67BA5E0093B5F5 /* ostrich.mp4 in Resources */,
				4EDD17A02A67BA5E0093B5F5 /* lion.mp4 in Resources */,
				4EDD179C2A67BA5E0093B5F5 /* gorilla.mp4 in Resources */,
				4EDD17A32A67BA5E0093B5F5 /* cheetah.mp4 in Resources */,
				4EDD17882A67B88E0093B5F5 /* Assets.xcassets in Resources */,
				4EDD179F2A67BA5E0093B5F5 /* hippo.mp4 in Resources */,
				4EDD179E2A67BA5E0093B5F5 /* giraffe.mp4 in Resources */,
			);
			runOnlyForDeploymentPostprocessing = 0;
		};
/* End PBXResourcesBuildPhase section */

/* Begin PBXSourcesBuildPhase section */
		4EDD177C2A67B88D0093B5F5 /* Sources */ = {
			isa = PBXSourcesBuildPhase;
			buildActionMask = 2147483647;
			files = (
				4EDD17862A67B88D0093B5F5 /* ContentView.swift in Sources */,
				4EDD17B82A67BC7F0093B5F5 /* MainView.swift in Sources */,
				4EDD17B42A67BC640093B5F5 /* MapView.swift in Sources */,
				4EDD17842A67B88D0093B5F5 /* AfricaApp.swift in Sources */,
				4EDD17B22A67BC4A0093B5F5 /* VideoListView.swift in Sources */,
				4EDD17B62A67BC760093B5F5 /* GalleryView.swift in Sources */,
			);
			runOnlyForDeploymentPostprocessing = 0;
		};
/* End PBXSourcesBuildPhase section */

/* Begin XCBuildConfiguration section */
		4EDD178C2A67B88E0093B5F5 /* Debug */ = {
			isa = XCBuildConfiguration;
			buildSettings = {
				ALWAYS_SEARCH_USER_PATHS = NO;
				CLANG_ANALYZER_NONNULL = YES;
				CLANG_ANALYZER_NUMBER_OBJECT_CONVERSION = YES_AGGRESSIVE;
				CLANG_CXX_LANGUAGE_STANDARD = "gnu++20";
				CLANG_ENABLE_MODULES = YES;
				CLANG_ENABLE_OBJC_ARC = YES;
				CLANG_ENABLE_OBJC_WEAK = YES;
				CLANG_WARN_BLOCK_CAPTURE_AUTORELEASING = YES;
				CLANG_WARN_BOOL_CONVERSION = YES;
				CLANG_WARN_COMMA = YES;
				CLANG_WARN_CONSTANT_CONVERSION = YES;
				CLANG_WARN_DEPRECATED_OBJC_IMPLEMENTATIONS = YES;
				CLANG_WARN_DIRECT_OBJC_ISA_USAGE = YES_ERROR;
				CLANG_WARN_DOCUMENTATION_COMMENTS = YES;
				CLANG_WARN_EMPTY_BODY = YES;
				CLANG_WARN_ENUM_CONVERSION = YES;
				CLANG_WARN_INFINITE_RECURSION = YES;
				CLANG_WARN_INT_CONVERSION = YES;
				CLANG_WARN_NON_LITERAL_NULL_CONVERSION = YES;
				CLANG_WARN_OBJC_IMPLICIT_RETAIN_SELF = YES;
				CLANG_WARN_OBJC_LITERAL_CONVERSION = YES;
				CLANG_WARN_OBJC_ROOT_CLASS = YES_ERROR;
				CLANG_WARN_QUOTED_INCLUDE_IN_FRAMEWORK_HEADER = YES;
				CLANG_WARN_RANGE_LOOP_ANALYSIS = YES;
				CLANG_WARN_STRICT_PROTOTYPES = YES;
				CLANG_WARN_SUSPICIOUS_MOVE = YES;
				CLANG_WARN_UNGUARDED_AVAILABILITY = YES_AGGRESSIVE;
				CLANG_WARN_UNREACHABLE_CODE = YES;
				CLANG_WARN__DUPLICATE_METHOD_MATCH = YES;
				COPY_PHASE_STRIP = NO;
				DEBUG_INFORMATION_FORMAT = dwarf;
				ENABLE_STRICT_OBJC_MSGSEND = YES;
				ENABLE_TESTABILITY = YES;
				GCC_C_LANGUAGE_STANDARD = gnu11;
				GCC_DYNAMIC_NO_PIC = NO;
				GCC_NO_COMMON_BLOCKS = YES;
				GCC_OPTIMIZATION_LEVEL = 0;
				GCC_PREPROCESSOR_DEFINITIONS = (
					"DEBUG=1",
					"$(inherited)",
				);
				GCC_WARN_64_TO_32_BIT_CONVERSION = YES;
				GCC_WARN_ABOUT_RETURN_TYPE = YES_ERROR;
				GCC_WARN_UNDECLARED_SELECTOR = YES;
				GCC_WARN_UNINITIALIZED_AUTOS = YES_AGGRESSIVE;
				GCC_WARN_UNUSED_FUNCTION = YES;
				GCC_WARN_UNUSED_VARIABLE = YES;
				IPHONEOS_DEPLOYMENT_TARGET = 16.4;
				MTL_ENABLE_DEBUG_INFO = INCLUDE_SOURCE;
				MTL_FAST_MATH = YES;
				ONLY_ACTIVE_ARCH = YES;
				SDKROOT = iphoneos;
				SWIFT_ACTIVE_COMPILATION_CONDITIONS = DEBUG;
				SWIFT_OPTIMIZATION_LEVEL = "-Onone";
			};
			name = Debug;
		};
		4EDD178D2A67B88E0093B5F5 /* Release */ = {
			isa = XCBuildConfiguration;
			buildSettings = {
				ALWAYS_SEARCH_USER_PATHS = NO;
				CLANG_ANALYZER_NONNULL = YES;
				CLANG_ANALYZER_NUMBER_OBJECT_CONVERSION = YES_AGGRESSIVE;
				CLANG_CXX_LANGUAGE_STANDARD = "gnu++20";
				CLANG_ENABLE_MODULES = YES;
				CLANG_ENABLE_OBJC_ARC = YES;
				CLANG_ENABLE_OBJC_WEAK = YES;
				CLANG_WARN_BLOCK_CAPTURE_AUTORELEASING = YES;
				CLANG_WARN_BOOL_CONVERSION = YES;
				CLANG_WARN_COMMA = YES;
				CLANG_WARN_CONSTANT_CONVERSION = YES;
				CLANG_WARN_DEPRECATED_OBJC_IMPLEMENTATIONS = YES;
				CLANG_WARN_DIRECT_OBJC_ISA_USAGE = YES_ERROR;
				CLANG_WARN_DOCUMENTATION_COMMENTS = YES;
				CLANG_WARN_EMPTY_BODY = YES;
				CLANG_WARN_ENUM_CONVERSION = YES;
				CLANG_WARN_INFINITE_RECURSION = YES;
				CLANG_WARN_INT_CONVERSION = YES;
				CLANG_WARN_NON_LITERAL_NULL_CONVERSION = YES;
				CLANG_WARN_OBJC_IMPLICIT_RETAIN_SELF = YES;
				CLANG_WARN_OBJC_LITERAL_CONVERSION = YES;
				CLANG_WARN_OBJC_ROOT_CLASS = YES_ERROR;
				CLANG_WARN_QUOTED_INCLUDE_IN_FRAMEWORK_HEADER = YES;
				CLANG_WARN_RANGE_LOOP_ANALYSIS = YES;
				CLANG_WARN_STRICT_PROTOTYPES = YES;
				CLANG_WARN_SUSPICIOUS_MOVE = YES;
				CLANG_WARN_UNGUARDED_AVAILABILITY = YES_AGGRESSIVE;
				CLANG_WARN_UNREACHABLE_CODE = YES;
				CLANG_WARN__DUPLICATE_METHOD_MATCH = YES;
				COPY_PHASE_STRIP = NO;
				DEBUG_INFORMATION_FORMAT = "dwarf-with-dsym";
				ENABLE_NS_ASSERTIONS = NO;
				ENABLE_STRICT_OBJC_MSGSEND = YES;
				GCC_C_LANGUAGE_STANDARD = gnu11;
				GCC_NO_COMMON_BLOCKS = YES;
				GCC_WARN_64_TO_32_BIT_CONVERSION = YES;
				GCC_WARN_ABOUT_RETURN_TYPE = YES_ERROR;
				GCC_WARN_UNDECLARED_SELECTOR = YES;
				GCC_WARN_UNINITIALIZED_AUTOS = YES_AGGRESSIVE;
				GCC_WARN_UNUSED_FUNCTION = YES;
				GCC_WARN_UNUSED_VARIABLE = YES;
				IPHONEOS_DEPLOYMENT_TARGET = 16.4;
				MTL_ENABLE_DEBUG_INFO = NO;
				MTL_FAST_MATH = YES;
				SDKROOT = iphoneos;
				SWIFT_COMPILATION_MODE = wholemodule;
				SWIFT_OPTIMIZATION_LEVEL = "-O";
				VALIDATE_PRODUCT = YES;
			};
			name = Release;
		};
		4EDD178F2A67B88E0093B5F5 /* Debug */ = {
			isa = XCBuildConfiguration;
			buildSettings = {
				ASSETCATALOG_COMPILER_APPICON_NAME = AppIcon;
				ASSETCATALOG_COMPILER_GLOBAL_ACCENT_COLOR_NAME = AccentColor;
				CODE_SIGN_STYLE = Automatic;
				CURRENT_PROJECT_VERSION = 1;
				DEVELOPMENT_ASSET_PATHS = "\"Africa/Preview Content\"";
				DEVELOPMENT_TEAM = W84D8KDWP8;
				ENABLE_PREVIEWS = YES;
				GENERATE_INFOPLIST_FILE = YES;
				INFOPLIST_FILE = Africa/Info.plist;
				INFOPLIST_KEY_UIApplicationSceneManifest_Generation = YES;
				INFOPLIST_KEY_UIApplicationSupportsIndirectInputEvents = YES;
				INFOPLIST_KEY_UISupportedInterfaceOrientations_iPad = "UIInterfaceOrientationPortrait UIInterfaceOrientationPortraitUpsideDown UIInterfaceOrientationLandscapeLeft UIInterfaceOrientationLandscapeRight";
				INFOPLIST_KEY_UISupportedInterfaceOrientations_iPhone = "UIInterfaceOrientationPortrait UIInterfaceOrientationLandscapeLeft UIInterfaceOrientationLandscapeRight";
				INFOPLIST_KEY_UIUserInterfaceStyle = Dark;
				LD_RUNPATH_SEARCH_PATHS = (
					"$(inherited)",
					"@executable_path/Frameworks",
				);
				MARKETING_VERSION = 1.0;
				PRODUCT_BUNDLE_IDENTIFIER = gurleen.kaur.Africa;
				PRODUCT_NAME = "$(TARGET_NAME)";
				SWIFT_EMIT_LOC_STRINGS = YES;
				SWIFT_VERSION = 5.0;
				TARGETED_DEVICE_FAMILY = "1,2";
			};
			name = Debug;
		};
		4EDD17902A67B88E0093B5F5 /* Release */ = {
			isa = XCBuildConfiguration;
			buildSettings = {
				ASSETCATALOG_COMPILER_APPICON_NAME = AppIcon;
				ASSETCATALOG_COMPILER_GLOBAL_ACCENT_COLOR_NAME = AccentColor;
				CODE_SIGN_STYLE = Automatic;
				CURRENT_PROJECT_VERSION = 1;
				DEVELOPMENT_ASSET_PATHS = "\"Africa/Preview Content\"";
				DEVELOPMENT_TEAM = W84D8KDWP8;
				ENABLE_PREVIEWS = YES;
				GENERATE_INFOPLIST_FILE = YES;
				INFOPLIST_FILE = Africa/Info.plist;
				INFOPLIST_KEY_UIApplicationSceneManifest_Generation = YES;
				INFOPLIST_KEY_UIApplicationSupportsIndirectInputEvents = YES;
				INFOPLIST_KEY_UISupportedInterfaceOrientations_iPad = "UIInterfaceOrientationPortrait UIInterfaceOrientationPortraitUpsideDown UIInterfaceOrientationLandscapeLeft UIInterfaceOrientationLandscapeRight";
				INFOPLIST_KEY_UISupportedInterfaceOrientations_iPhone = "UIInterfaceOrientationPortrait UIInterfaceOrientationLandscapeLeft UIInterfaceOrientationLandscapeRight";
				INFOPLIST_KEY_UIUserInterfaceStyle = Dark;
				LD_RUNPATH_SEARCH_PATHS = (
					"$(inherited)",
					"@executable_path/Frameworks",
				);
				MARKETING_VERSION = 1.0;
				PRODUCT_BUNDLE_IDENTIFIER = gurleen.kaur.Africa;
				PRODUCT_NAME = "$(TARGET_NAME)";
				SWIFT_EMIT_LOC_STRINGS = YES;
				SWIFT_VERSION = 5.0;
				TARGETED_DEVICE_FAMILY = "1,2";
			};
			name = Release;
		};
/* End XCBuildConfiguration section */

/* Begin XCConfigurationList section */
		4EDD177B2A67B88D0093B5F5 /* Build configuration list for PBXProject "Africa" */ = {
			isa = XCConfigurationList;
			buildConfigurations = (
				4EDD178C2A67B88E0093B5F5 /* Debug */,
				4EDD178D2A67B88E0093B5F5 /* Release */,
			);
			defaultConfigurationIsVisible = 0;
			defaultConfigurationName = Release;
		};
		4EDD178E2A67B88E0093B5F5 /* Build configuration list for PBXNativeTarget "Africa" */ = {
			isa = XCConfigurationList;
			buildConfigurations = (
				4EDD178F2A67B88E0093B5F5 /* Debug */,
				4EDD17902A67B88E0093B5F5 /* Release */,
			);
			defaultConfigurationIsVisible = 0;
			defaultConfigurationName = Release;
		};
/* End XCConfigurationList section */
	};
	rootObject = 4EDD17782A67B88D0093B5F5 /* Project object */;
}
